
Microsoft Visual Studio Solution File, Format Version 12.00
# Visual Studio Version 17
VisualStudioVersion = 17.9.34714.143
MinimumVisualStudioVersion = 10.0.40219.1
Project("{FAE04EC0-301F-11D3-BF4B-00C04F79EFBC}") = "A20240323_03", "A20240323_03\A20240323_03.csproj", "{F152A73A-4E5C-4DDC-AABB-362032D5B509}"
EndProject
Global
	GlobalSection(SolutionConfigurationPlatforms) = preSolution
		Debug|Any CPU = Debug|Any CPU
		Release|Any CPU = Release|Any CPU
	EndGlobalSection
	GlobalSection(ProjectConfigurationPlatforms) = postSolution
		{F152A73A-4E5C-4DDC-AABB-362032D5B509}.Debug|Any CPU.ActiveCfg = Debug|Any CPU
		{F152A73A-4E5C-4DDC-AABB-362032D5B509}.Debug|Any CPU.Build.0 = Debug|Any CPU
		{F152A73A-4E5C-4DDC-AABB-362032D5B509}.Release|Any CPU.ActiveCfg = Release|Any CPU
		{F152A73A-4E5C-4DDC-AABB-362032D5B509}.Release|Any CPU.Build.0 = Release|Any CPU
	EndGlobalSection
	GlobalSection(SolutionProperties) = preSolution
		HideSolutionNode = FALSE
	EndGlobalSection
	GlobalSection(ExtensibilityGlobals) = postSolution
		SolutionGuid = {792F28AF-C860-458F-9280-2C4D1590F380}
	EndGlobalSection
EndGlobal
